// !$*UTF8*$!
{
	archiveVersion = 1;
	classes = {
	};
	objectVersion = 46;
	objects = {

/* Begin PBXBuildFile section */
		2E4E2C571EDF785600C445C2 /* AppDelegate.swift in Sources */ = {isa = PBXBuildFile; fileRef = 2E4E2C561EDF785600C445C2 /* AppDelegate.swift */; };
		2E4E2C591EDF785600C445C2 /* ViewController.swift in Sources */ = {isa = PBXBuildFile; fileRef = 2E4E2C581EDF785600C445C2 /* ViewController.swift */; };
		2E4E2C5C1EDF785600C445C2 /* Main.storyboard in Resources */ = {isa = PBXBuildFile; fileRef = 2E4E2C5A1EDF785600C445C2 /* Main.storyboard */; };
		2E4E2C5E1EDF785600C445C2 /* Assets.xcassets in Resources */ = {isa = PBXBuildFile; fileRef = 2E4E2C5D1EDF785600C445C2 /* Assets.xcassets */; };
		2E4E2C611EDF785600C445C2 /* LaunchScreen.storyboard in Resources */ = {isa = PBXBuildFile; fileRef = 2E4E2C5F1EDF785600C445C2 /* LaunchScreen.storyboard */; };
		2E4E2C6C1EDF785600C445C2 /* ZuetTests.swift in Sources */ = {isa = PBXBuildFile; fileRef = 2E4E2C6B1EDF785600C445C2 /* ZuetTests.swift */; };
		2ED07DD21EDFA17E00730D01 /* ExerciseViewController.swift in Sources */ = {isa = PBXBuildFile; fileRef = 2ED07DD11EDFA17E00730D01 /* ExerciseViewController.swift */; };
		2ED07DD41EDFAB6900730D01 /* Rutines.swift in Sources */ = {isa = PBXBuildFile; fileRef = 2ED07DD31EDFAB6900730D01 /* Rutines.swift */; };
		2ED07DD61EDFC6F200730D01 /* ActivityViewController.swift in Sources */ = {isa = PBXBuildFile; fileRef = 2ED07DD51EDFC6F200730D01 /* ActivityViewController.swift */; };
/* End PBXBuildFile section */

/* Begin PBXContainerItemProxy section */
		2E4E2C681EDF785600C445C2 /* PBXContainerItemProxy */ = {
			isa = PBXContainerItemProxy;
			containerPortal = 2E4E2C4B1EDF785600C445C2 /* Project object */;
			proxyType = 1;
			remoteGlobalIDString = 2E4E2C521EDF785600C445C2;
			remoteInfo = Zuet;
		};
/* End PBXContainerItemProxy section */

/* Begin PBXFileReference section */
		2E4E2C531EDF785600C445C2 /* Zuet.app */ = {isa = PBXFileReference; explicitFileType = wrapper.application; includeInIndex = 0; path = Zuet.app; sourceTree = BUILT_PRODUCTS_DIR; };
		2E4E2C561EDF785600C445C2 /* AppDelegate.swift */ = {isa = PBXFileReference; lastKnownFileType = sourcecode.swift; path = AppDelegate.swift; sourceTree = "<group>"; };
		2E4E2C581EDF785600C445C2 /* ViewController.swift */ = {isa = PBXFileReference; lastKnownFileType = sourcecode.swift; path = ViewController.swift; sourceTree = "<group>"; };
		2E4E2C5B1EDF785600C445C2 /* Base */ = {isa = PBXFileReference; lastKnownFileType = file.storyboard; name = Base; path = Base.lproj/Main.storyboard; sourceTree = "<group>"; };
		2E4E2C5D1EDF785600C445C2 /* Assets.xcassets */ = {isa = PBXFileReference; lastKnownFileType = folder.assetcatalog; path = Assets.xcassets; sourceTree = "<group>"; };
		2E4E2C601EDF785600C445C2 /* Base */ = {isa = PBXFileReference; lastKnownFileType = file.storyboard; name = Base; path = Base.lproj/LaunchScreen.storyboard; sourceTree = "<group>"; };
		2E4E2C621EDF785600C445C2 /* Info.plist */ = {isa = PBXFileReference; lastKnownFileType = text.plist.xml; path = Info.plist; sourceTree = "<group>"; };
		2E4E2C671EDF785600C445C2 /* ZuetTests.xctest */ = {isa = PBXFileReference; explicitFileType = wrapper.cfbundle; includeInIndex = 0; path = ZuetTests.xctest; sourceTree = BUILT_PRODUCTS_DIR; };
		2E4E2C6B1EDF785600C445C2 /* ZuetTests.swift */ = {isa = PBXFileReference; lastKnownFileType = sourcecode.swift; path = ZuetTests.swift; sourceTree = "<group>"; };
		2E4E2C6D1EDF785600C445C2 /* Info.plist */ = {isa = PBXFileReference; lastKnownFileType = text.plist.xml; path = Info.plist; sourceTree = "<group>"; };
		2ED07DD11EDFA17E00730D01 /* ExerciseViewController.swift */ = {isa = PBXFileReference; fileEncoding = 4; lastKnownFileType = sourcecode.swift; path = ExerciseViewController.swift; sourceTree = "<group>"; };
		2ED07DD31EDFAB6900730D01 /* Rutines.swift */ = {isa = PBXFileReference; fileEncoding = 4; lastKnownFileType = sourcecode.swift; path = Rutines.swift; sourceTree = "<group>"; };
		2ED07DD51EDFC6F200730D01 /* ActivityViewController.swift */ = {isa = PBXFileReference; fileEncoding = 4; lastKnownFileType = sourcecode.swift; path = ActivityViewController.swift; sourceTree = "<group>"; };
/* End PBXFileReference section */

/* Begin PBXFrameworksBuildPhase section */
		2E4E2C501EDF785600C445C2 /* Frameworks */ = {
			isa = PBXFrameworksBuildPhase;
			buildActionMask = 2147483647;
			files = (
			);
			runOnlyForDeploymentPostprocessing = 0;
		};
		2E4E2C641EDF785600C445C2 /* Frameworks */ = {
			isa = PBXFrameworksBuildPhase;
			buildActionMask = 2147483647;
			files = (
			);
			runOnlyForDeploymentPostprocessing = 0;
		};
/* End PBXFrameworksBuildPhase section */

/* Begin PBXGroup section */
		2E4E2C4A1EDF785600C445C2 = {
			isa = PBXGroup;
			children = (
				2E4E2C551EDF785600C445C2 /* Zuet */,
				2E4E2C6A1EDF785600C445C2 /* ZuetTests */,
				2E4E2C541EDF785600C445C2 /* Products */,
			);
			sourceTree = "<group>";
		};
		2E4E2C541EDF785600C445C2 /* Products */ = {
			isa = PBXGroup;
			children = (
				2E4E2C531EDF785600C445C2 /* Zuet.app */,
				2E4E2C671EDF785600C445C2 /* ZuetTests.xctest */,
			);
			name = Products;
			sourceTree = "<group>";
		};
		2E4E2C551EDF785600C445C2 /* Zuet */ = {
			isa = PBXGroup;
			children = (
				2E4E2C561EDF785600C445C2 /* AppDelegate.swift */,
				2E4E2C581EDF785600C445C2 /* ViewController.swift */,
				2ED07DD11EDFA17E00730D01 /* ExerciseViewController.swift */,
				2ED07DD51EDFC6F200730D01 /* ActivityViewController.swift */,
				2ED07DD31EDFAB6900730D01 /* Rutines.swift */,
				2E4E2C5A1EDF785600C445C2 /* Main.storyboard */,
				2E4E2C5D1EDF785600C445C2 /* Assets.xcassets */,
				2E4E2C5F1EDF785600C445C2 /* LaunchScreen.storyboard */,
				2E4E2C621EDF785600C445C2 /* Info.plist */,
			);
			path = Zuet;
			sourceTree = "<group>";
		};
		2E4E2C6A1EDF785600C445C2 /* ZuetTests */ = {
			isa = PBXGroup;
			children = (
				2E4E2C6B1EDF785600C445C2 /* ZuetTests.swift */,
				2E4E2C6D1EDF785600C445C2 /* Info.plist */,
			);
			path = ZuetTests;
			sourceTree = "<group>";
		};
/* End PBXGroup section */

/* Begin PBXNativeTarget section */
		2E4E2C521EDF785600C445C2 /* Zuet */ = {
			isa = PBXNativeTarget;
			buildConfigurationList = 2E4E2C701EDF785600C445C2 /* Build configuration list for PBXNativeTarget "Zuet" */;
			buildPhases = (
				2E4E2C4F1EDF785600C445C2 /* Sources */,
				2E4E2C501EDF785600C445C2 /* Frameworks */,
				2E4E2C511EDF785600C445C2 /* Resources */,
			);
			buildRules = (
			);
			dependencies = (
			);
			name = Zuet;
			productName = Zuet;
			productReference = 2E4E2C531EDF785600C445C2 /* Zuet.app */;
			productType = "com.apple.product-type.application";
		};
		2E4E2C661EDF785600C445C2 /* ZuetTests */ = {
			isa = PBXNativeTarget;
			buildConfigurationList = 2E4E2C731EDF785600C445C2 /* Build configuration list for PBXNativeTarget "ZuetTests" */;
			buildPhases = (
				2E4E2C631EDF785600C445C2 /* Sources */,
				2E4E2C641EDF785600C445C2 /* Frameworks */,
				2E4E2C651EDF785600C445C2 /* Resources */,
			);
			buildRules = (
			);
			dependencies = (
				2E4E2C691EDF785600C445C2 /* PBXTargetDependency */,
			);
			name = ZuetTests;
			productName = ZuetTests;
			productReference = 2E4E2C671EDF785600C445C2 /* ZuetTests.xctest */;
			productType = "com.apple.product-type.bundle.unit-test";
		};
/* End PBXNativeTarget section */

/* Begin PBXProject section */
		2E4E2C4B1EDF785600C445C2 /* Project object */ = {
			isa = PBXProject;
			attributes = {
				LastSwiftUpdateCheck = 0830;
				LastUpgradeCheck = 0830;
				ORGANIZATIONNAME = "Rafael Colon Maldonado";
				TargetAttributes = {
					2E4E2C521EDF785600C445C2 = {
						CreatedOnToolsVersion = 8.3.2;
						DevelopmentTeam = GWR2746W7V;
						ProvisioningStyle = Automatic;
					};
					2E4E2C661EDF785600C445C2 = {
						CreatedOnToolsVersion = 8.3.2;
						DevelopmentTeam = GWR2746W7V;
						ProvisioningStyle = Automatic;
						TestTargetID = 2E4E2C521EDF785600C445C2;
					};
				};
			};
			buildConfigurationList = 2E4E2C4E1EDF785600C445C2 /* Build configuration list for PBXProject "Zuet" */;
			compatibilityVersion = "Xcode 3.2";
			developmentRegion = English;
			hasScannedForEncodings = 0;
			knownRegions = (
				en,
				Base,
			);
			mainGroup = 2E4E2C4A1EDF785600C445C2;
			productRefGroup = 2E4E2C541EDF785600C445C2 /* Products */;
			projectDirPath = "";
			projectRoot = "";
			targets = (
				2E4E2C521EDF785600C445C2 /* Zuet */,
				2E4E2C661EDF785600C445C2 /* ZuetTests */,
			);
		};
/* End PBXProject section */

/* Begin PBXResourcesBuildPhase section */
		2E4E2C511EDF785600C445C2 /* Resources */ = {
			isa = PBXResourcesBuildPhase;
			buildActionMask = 2147483647;
			files = (
				2E4E2C611EDF785600C445C2 /* LaunchScreen.storyboard in Resources */,
				2E4E2C5E1EDF785600C445C2 /* Assets.xcassets in Resources */,
				2E4E2C5C1EDF785600C445C2 /* Main.storyboard in Resources */,
			);
			runOnlyForDeploymentPostprocessing = 0;
		};
		2E4E2C651EDF785600C445C2 /* Resources */ = {
			isa = PBXResourcesBuildPhase;
			buildActionMask = 2147483647;
			files = (
			);
			runOnlyForDeploymentPostprocessing = 0;
		};
/* End PBXResourcesBuildPhase section */

/* Begin PBXSourcesBuildPhase section */
		2E4E2C4F1EDF785600C445C2 /* Sources */ = {
			isa = PBXSourcesBuildPhase;
			buildActionMask = 2147483647;
			files = (
				2E4E2C591EDF785600C445C2 /* ViewController.swift in Sources */,
				2ED07DD41EDFAB6900730D01 /* Rutines.swift in Sources */,
				2ED07DD21EDFA17E00730D01 /* ExerciseViewController.swift in Sources */,
				2ED07DD61EDFC6F200730D01 /* ActivityViewController.swift in Sources */,
				2E4E2C571EDF785600C445C2 /* AppDelegate.swift in Sources */,
			);
			runOnlyForDeploymentPostprocessing = 0;
		};
		2E4E2C631EDF785600C445C2 /* Sources */ = {
			isa = PBXSourcesBuildPhase;
			buildActionMask = 2147483647;
			files = (
				2E4E2C6C1EDF785600C445C2 /* ZuetTests.swift in Sources */,
			);
			runOnlyForDeploymentPostprocessing = 0;
		};
/* End PBXSourcesBuildPhase section */

/* Begin PBXTargetDependency section */
		2E4E2C691EDF785600C445C2 /* PBXTargetDependency */ = {
			isa = PBXTargetDependency;
			target = 2E4E2C521EDF785600C445C2 /* Zuet */;
			targetProxy = 2E4E2C681EDF785600C445C2 /* PBXContainerItemProxy */;
		};
/* End PBXTargetDependency section */

/* Begin PBXVariantGroup section */
		2E4E2C5A1EDF785600C445C2 /* Main.storyboard */ = {
			isa = PBXVariantGroup;
			children = (
				2E4E2C5B1EDF785600C445C2 /* Base */,
			);
			name = Main.storyboard;
			sourceTree = "<group>";
		};
		2E4E2C5F1EDF785600C445C2 /* LaunchScreen.storyboard */ = {
			isa = PBXVariantGroup;
			children = (
				2E4E2C601EDF785600C445C2 /* Base */,
			);
			name = LaunchScreen.storyboard;
			sourceTree = "<group>";
		};
/* End PBXVariantGroup section */

/* Begin XCBuildConfiguration section */
		2E4E2C6E1EDF785600C445C2 /* Debug */ = {
			isa = XCBuildConfiguration;
			buildSettings = {
				ALWAYS_SEARCH_USER_PATHS = NO;
				CLANG_ANALYZER_NONNULL = YES;
				CLANG_ANALYZER_NUMBER_OBJECT_CONVERSION = YES_AGGRESSIVE;
				CLANG_CXX_LANGUAGE_STANDARD = "gnu++0x";
				CLANG_CXX_LIBRARY = "libc++";
				CLANG_ENABLE_MODULES = YES;
				CLANG_ENABLE_OBJC_ARC = YES;
				CLANG_WARN_BOOL_CONVERSION = YES;
				CLANG_WARN_CONSTANT_CONVERSION = YES;
				CLANG_WARN_DIRECT_OBJC_ISA_USAGE = YES_ERROR;
				CLANG_WARN_DOCUMENTATION_COMMENTS = YES;
				CLANG_WARN_EMPTY_BODY = YES;
				CLANG_WARN_ENUM_CONVERSION = YES;
				CLANG_WARN_INFINITE_RECURSION = YES;
				CLANG_WARN_INT_CONVERSION = YES;
				CLANG_WARN_OBJC_ROOT_CLASS = YES_ERROR;
				CLANG_WARN_SUSPICIOUS_MOVE = YES;
				CLANG_WARN_UNREACHABLE_CODE = YES;
				CLANG_WARN__DUPLICATE_METHOD_MATCH = YES;
				"CODE_SIGN_IDENTITY[sdk=iphoneos*]" = "iPhone Developer";
				COPY_PHASE_STRIP = NO;
				DEBUG_INFORMATION_FORMAT = dwarf;
				ENABLE_STRICT_OBJC_MSGSEND = YES;
				ENABLE_TESTABILITY = YES;
				GCC_C_LANGUAGE_STANDARD = gnu99;
				GCC_DYNAMIC_NO_PIC = NO;
				GCC_NO_COMMON_BLOCKS = YES;
				GCC_OPTIMIZATION_LEVEL = 0;
				GCC_PREPROCESSOR_DEFINITIONS = (
					"DEBUG=1",
					"$(inherited)",
				);
				GCC_WARN_64_TO_32_BIT_CONVERSION = YES;
				GCC_WARN_ABOUT_RETURN_TYPE = YES_ERROR;
				GCC_WARN_UNDECLARED_SELECTOR = YES;
				GCC_WARN_UNINITIALIZED_AUTOS = YES_AGGRESSIVE;
				GCC_WARN_UNUSED_FUNCTION = YES;
				GCC_WARN_UNUSED_VARIABLE = YES;
				IPHONEOS_DEPLOYMENT_TARGET = 10.3;
				MTL_ENABLE_DEBUG_INFO = YES;
				ONLY_ACTIVE_ARCH = YES;
				SDKROOT = iphoneos;
				SWIFT_ACTIVE_COMPILATION_CONDITIONS = DEBUG;
				SWIFT_OPTIMIZATION_LEVEL = "-Onone";
				TARGETED_DEVICE_FAMILY = "1,2";
			};
			name = Debug;
		};
		2E4E2C6F1EDF785600C445C2 /* Release */ = {
			isa = XCBuildConfiguration;
			buildSettings = {
				ALWAYS_SEARCH_USER_PATHS = NO;
				CLANG_ANALYZER_NONNULL = YES;
				CLANG_ANALYZER_NUMBER_OBJECT_CONVERSION = YES_AGGRESSIVE;
				CLANG_CXX_LANGUAGE_STANDARD = "gnu++0x";
				CLANG_CXX_LIBRARY = "libc++";
				CLANG_ENABLE_MODULES = YES;
				CLANG_ENABLE_OBJC_ARC = YES;
				CLANG_WARN_BOOL_CONVERSION = YES;
				CLANG_WARN_CONSTANT_CONVERSION = YES;
				CLANG_WARN_DIRECT_OBJC_ISA_USAGE = YES_ERROR;
				CLANG_WARN_DOCUMENTATION_COMMENTS = YES;
				CLANG_WARN_EMPTY_BODY = YES;
				CLANG_WARN_ENUM_CONVERSION = YES;
				CLANG_WARN_INFINITE_RECURSION = YES;
				CLANG_WARN_INT_CONVERSION = YES;
				CLANG_WARN_OBJC_ROOT_CLASS = YES_ERROR;
				CLANG_WARN_SUSPICIOUS_MOVE = YES;
				CLANG_WARN_UNREACHABLE_CODE = YES;
				CLANG_WARN__DUPLICATE_METHOD_MATCH = YES;
				"CODE_SIGN_IDENTITY[sdk=iphoneos*]" = "iPhone Developer";
				COPY_PHASE_STRIP = NO;
				DEBUG_INFORMATION_FORMAT = "dwarf-with-dsym";
				ENABLE_NS_ASSERTIONS = NO;
				ENABLE_STRICT_OBJC_MSGSEND = YES;
				GCC_C_LANGUAGE_STANDARD = gnu99;
				GCC_NO_COMMON_BLOCKS = YES;
				GCC_WARN_64_TO_32_BIT_CONVERSION = YES;
				GCC_WARN_ABOUT_RETURN_TYPE = YES_ERROR;
				GCC_WARN_UNDECLARED_SELECTOR = YES;
				GCC_WARN_UNINITIALIZED_AUTOS = YES_AGGRESSIVE;
				GCC_WARN_UNUSED_FUNCTION = YES;
				GCC_WARN_UNUSED_VARIABLE = YES;
				IPHONEOS_DEPLOYMENT_TARGET = 10.3;
				MTL_ENABLE_DEBUG_INFO = NO;
				SDKROOT = iphoneos;
				SWIFT_OPTIMIZATION_LEVEL = "-Owholemodule";
				TARGETED_DEVICE_FAMILY = "1,2";
				VALIDATE_PRODUCT = YES;
			};
			name = Release;
		};
		2E4E2C711EDF785600C445C2 /* Debug */ = {
			isa = XCBuildConfiguration;
			buildSettings = {
				ASSETCATALOG_COMPILER_APPICON_NAME = AppIcon;
				DEVELOPMENT_TEAM = GWR2746W7V;
				INFOPLIST_FILE = Zuet/Info.plist;
				LD_RUNPATH_SEARCH_PATHS = "$(inherited) @executable_path/Frameworks";
				PRODUCT_BUNDLE_IDENTIFIER = com.BoriPower.Zuet;
				PRODUCT_NAME = "$(TARGET_NAME)";
				SWIFT_VERSION = 3.0;
				TARGETED_DEVICE_FAMILY = 1;
			};
			name = Debug;
		};
		2E4E2C721EDF785600C445C2 /* Release */ = {
			isa = XCBuildConfiguration;
			buildSettings = {
				ASSETCATALOG_COMPILER_APPICON_NAME = AppIcon;
				DEVELOPMENT_TEAM = GWR2746W7V;
				INFOPLIST_FILE = Zuet/Info.plist;
				LD_RUNPATH_SEARCH_PATHS = "$(inherited) @executable_path/Frameworks";
				PRODUCT_BUNDLE_IDENTIFIER = com.BoriPower.Zuet;
				PRODUCT_NAME = "$(TARGET_NAME)";
				SWIFT_VERSION = 3.0;
				TARGETED_DEVICE_FAMILY = 1;
			};
			name = Release;
		};
		2E4E2C741EDF785600C445C2 /* Debug */ = {
			isa = XCBuildConfiguration;
			buildSettings = {
				ALWAYS_EMBED_SWIFT_STANDARD_LIBRARIES = YES;
				BUNDLE_LOADER = "$(TEST_HOST)";
				DEVELOPMENT_TEAM = GWR2746W7V;
				INFOPLIST_FILE = ZuetTests/Info.plist;
				LD_RUNPATH_SEARCH_PATHS = "$(inherited) @executable_path/Frameworks @loader_path/Frameworks";
				PRODUCT_BUNDLE_IDENTIFIER = com.BoriPower.ZuetTests;
				PRODUCT_NAME = "$(TARGET_NAME)";
				SWIFT_VERSION = 3.0;
				TEST_HOST = "$(BUILT_PRODUCTS_DIR)/Zuet.app/Zuet";
			};
			name = Debug;
		};
		2E4E2C751EDF785600C445C2 /* Release */ = {
			isa = XCBuildConfiguration;
			buildSettings = {
				ALWAYS_EMBED_SWIFT_STANDARD_LIBRARIES = YES;
				BUNDLE_LOADER = "$(TEST_HOST)";
				DEVELOPMENT_TEAM = GWR2746W7V;
				INFOPLIST_FILE = ZuetTests/Info.plist;
				LD_RUNPATH_SEARCH_PATHS = "$(inherited) @executable_path/Frameworks @loader_path/Frameworks";
				PRODUCT_BUNDLE_IDENTIFIER = com.BoriPower.ZuetTests;
				PRODUCT_NAME = "$(TARGET_NAME)";
				SWIFT_VERSION = 3.0;
				TEST_HOST = "$(BUILT_PRODUCTS_DIR)/Zuet.app/Zuet";
			};
			name = Release;
		};
/* End XCBuildConfiguration section */

/* Begin XCConfigurationList section */
		2E4E2C4E1EDF785600C445C2 /* Build configuration list for PBXProject "Zuet" */ = {
			isa = XCConfigurationList;
			buildConfigurations = (
				2E4E2C6E1EDF785600C445C2 /* Debug */,
				2E4E2C6F1EDF785600C445C2 /* Release */,
			);
			defaultConfigurationIsVisible = 0;
			defaultConfigurationName = Release;
		};
		2E4E2C701EDF785600C445C2 /* Build configuration list for PBXNativeTarget "Zuet" */ = {
			isa = XCConfigurationList;
			buildConfigurations = (
				2E4E2C711EDF785600C445C2 /* Debug */,
				2E4E2C721EDF785600C445C2 /* Release */,
			);
			defaultConfigurationIsVisible = 0;
			defaultConfigurationName = Release;
		};
		2E4E2C731EDF785600C445C2 /* Build configuration list for PBXNativeTarget "ZuetTests" */ = {
			isa = XCConfigurationList;
			buildConfigurations = (
				2E4E2C741EDF785600C445C2 /* Debug */,
				2E4E2C751EDF785600C445C2 /* Release */,
			);
			defaultConfigurationIsVisible = 0;
			defaultConfigurationName = Release;
		};
/* End XCConfigurationList section */
	};
	rootObject = 2E4E2C4B1EDF785600C445C2 /* Project object */;
}
