// !$*UTF8*$!
{
	archiveVersion = 1;
	classes = {
	};
	objectVersion = 46;
	objects = {

/* Begin PBXBuildFile section */
		2EBB11891E8735E0007DDDED /* AppDelegate.swift in Sources */ = {isa = PBXBuildFile; fileRef = 2EBB11881E8735E0007DDDED /* AppDelegate.swift */; };
		2EBB118B1E8735E0007DDDED /* ViewController.swift in Sources */ = {isa = PBXBuildFile; fileRef = 2EBB118A1E8735E0007DDDED /* ViewController.swift */; };
		2EBB118E1E8735E0007DDDED /* Main.storyboard in Resources */ = {isa = PBXBuildFile; fileRef = 2EBB118C1E8735E0007DDDED /* Main.storyboard */; };
		2EBB11901E8735E0007DDDED /* Assets.xcassets in Resources */ = {isa = PBXBuildFile; fileRef = 2EBB118F1E8735E0007DDDED /* Assets.xcassets */; };
		2EBB11931E8735E0007DDDED /* LaunchScreen.storyboard in Resources */ = {isa = PBXBuildFile; fileRef = 2EBB11911E8735E0007DDDED /* LaunchScreen.storyboard */; };
		2EBB119E1E8735E0007DDDED /* CollectionViewProgramTests.swift in Sources */ = {isa = PBXBuildFile; fileRef = 2EBB119D1E8735E0007DDDED /* CollectionViewProgramTests.swift */; };
		2EBB11A91E8A14F7007DDDED /* RutinesTableViewController.swift in Sources */ = {isa = PBXBuildFile; fileRef = 2EBB11A81E8A14F7007DDDED /* RutinesTableViewController.swift */; };
		2EFF61AB1ECE750000F4A2BD /* ExerciesViewController.swift in Sources */ = {isa = PBXBuildFile; fileRef = 2EFF61AA1ECE750000F4A2BD /* ExerciesViewController.swift */; };
		2EFF61AD1ECF0A1900F4A2BD /* CategoriesCollectionViewCell.swift in Sources */ = {isa = PBXBuildFile; fileRef = 2EFF61AC1ECF0A1900F4A2BD /* CategoriesCollectionViewCell.swift */; };
/* End PBXBuildFile section */

/* Begin PBXContainerItemProxy section */
		2EBB119A1E8735E0007DDDED /* PBXContainerItemProxy */ = {
			isa = PBXContainerItemProxy;
			containerPortal = 2EBB117D1E8735E0007DDDED /* Project object */;
			proxyType = 1;
			remoteGlobalIDString = 2EBB11841E8735E0007DDDED;
			remoteInfo = CollectionViewProgram;
		};
/* End PBXContainerItemProxy section */

/* Begin PBXFileReference section */
		2EBB11851E8735E0007DDDED /* CollectionViewProgram.app */ = {isa = PBXFileReference; explicitFileType = wrapper.application; includeInIndex = 0; path = CollectionViewProgram.app; sourceTree = BUILT_PRODUCTS_DIR; };
		2EBB11881E8735E0007DDDED /* AppDelegate.swift */ = {isa = PBXFileReference; lastKnownFileType = sourcecode.swift; path = AppDelegate.swift; sourceTree = "<group>"; };
		2EBB118A1E8735E0007DDDED /* ViewController.swift */ = {isa = PBXFileReference; lastKnownFileType = sourcecode.swift; path = ViewController.swift; sourceTree = "<group>"; };
		2EBB118D1E8735E0007DDDED /* Base */ = {isa = PBXFileReference; lastKnownFileType = file.storyboard; name = Base; path = Base.lproj/Main.storyboard; sourceTree = "<group>"; };
		2EBB118F1E8735E0007DDDED /* Assets.xcassets */ = {isa = PBXFileReference; lastKnownFileType = folder.assetcatalog; path = Assets.xcassets; sourceTree = "<group>"; };
		2EBB11921E8735E0007DDDED /* Base */ = {isa = PBXFileReference; lastKnownFileType = file.storyboard; name = Base; path = Base.lproj/LaunchScreen.storyboard; sourceTree = "<group>"; };
		2EBB11941E8735E0007DDDED /* Info.plist */ = {isa = PBXFileReference; lastKnownFileType = text.plist.xml; path = Info.plist; sourceTree = "<group>"; };
		2EBB11991E8735E0007DDDED /* CollectionViewProgramTests.xctest */ = {isa = PBXFileReference; explicitFileType = wrapper.cfbundle; includeInIndex = 0; path = CollectionViewProgramTests.xctest; sourceTree = BUILT_PRODUCTS_DIR; };
		2EBB119D1E8735E0007DDDED /* CollectionViewProgramTests.swift */ = {isa = PBXFileReference; lastKnownFileType = sourcecode.swift; path = CollectionViewProgramTests.swift; sourceTree = "<group>"; };
		2EBB119F1E8735E0007DDDED /* Info.plist */ = {isa = PBXFileReference; lastKnownFileType = text.plist.xml; path = Info.plist; sourceTree = "<group>"; };
		2EBB11A81E8A14F7007DDDED /* RutinesTableViewController.swift */ = {isa = PBXFileReference; fileEncoding = 4; lastKnownFileType = sourcecode.swift; path = RutinesTableViewController.swift; sourceTree = "<group>"; };
		2EFF61AA1ECE750000F4A2BD /* ExerciesViewController.swift */ = {isa = PBXFileReference; fileEncoding = 4; lastKnownFileType = sourcecode.swift; path = ExerciesViewController.swift; sourceTree = "<group>"; };
		2EFF61AC1ECF0A1900F4A2BD /* CategoriesCollectionViewCell.swift */ = {isa = PBXFileReference; fileEncoding = 4; lastKnownFileType = sourcecode.swift; path = CategoriesCollectionViewCell.swift; sourceTree = "<group>"; };
/* End PBXFileReference section */

/* Begin PBXFrameworksBuildPhase section */
		2EBB11821E8735E0007DDDED /* Frameworks */ = {
			isa = PBXFrameworksBuildPhase;
			buildActionMask = 2147483647;
			files = (
			);
			runOnlyForDeploymentPostprocessing = 0;
		};
		2EBB11961E8735E0007DDDED /* Frameworks */ = {
			isa = PBXFrameworksBuildPhase;
			buildActionMask = 2147483647;
			files = (
			);
			runOnlyForDeploymentPostprocessing = 0;
		};
/* End PBXFrameworksBuildPhase section */

/* Begin PBXGroup section */
		2EBB117C1E8735E0007DDDED = {
			isa = PBXGroup;
			children = (
				2EBB11871E8735E0007DDDED /* CollectionViewProgram */,
				2EBB119C1E8735E0007DDDED /* CollectionViewProgramTests */,
				2EBB11861E8735E0007DDDED /* Products */,
			);
			sourceTree = "<group>";
		};
		2EBB11861E8735E0007DDDED /* Products */ = {
			isa = PBXGroup;
			children = (
				2EBB11851E8735E0007DDDED /* CollectionViewProgram.app */,
				2EBB11991E8735E0007DDDED /* CollectionViewProgramTests.xctest */,
			);
			name = Products;
			sourceTree = "<group>";
		};
		2EBB11871E8735E0007DDDED /* CollectionViewProgram */ = {
			isa = PBXGroup;
			children = (
				2EBB11881E8735E0007DDDED /* AppDelegate.swift */,
				2EBB118A1E8735E0007DDDED /* ViewController.swift */,
				2EFF61AC1ECF0A1900F4A2BD /* CategoriesCollectionViewCell.swift */,
				2EBB11A81E8A14F7007DDDED /* RutinesTableViewController.swift */,
				2EFF61AA1ECE750000F4A2BD /* ExerciesViewController.swift */,
				2EBB118C1E8735E0007DDDED /* Main.storyboard */,
				2EBB118F1E8735E0007DDDED /* Assets.xcassets */,
				2EBB11911E8735E0007DDDED /* LaunchScreen.storyboard */,
				2EBB11941E8735E0007DDDED /* Info.plist */,
			);
			path = CollectionViewProgram;
			sourceTree = "<group>";
		};
		2EBB119C1E8735E0007DDDED /* CollectionViewProgramTests */ = {
			isa = PBXGroup;
			children = (
				2EBB119D1E8735E0007DDDED /* CollectionViewProgramTests.swift */,
				2EBB119F1E8735E0007DDDED /* Info.plist */,
			);
			path = CollectionViewProgramTests;
			sourceTree = "<group>";
		};
/* End PBXGroup section */

/* Begin PBXNativeTarget section */
		2EBB11841E8735E0007DDDED /* CollectionViewProgram */ = {
			isa = PBXNativeTarget;
			buildConfigurationList = 2EBB11A21E8735E0007DDDED /* Build configuration list for PBXNativeTarget "CollectionViewProgram" */;
			buildPhases = (
				2EBB11811E8735E0007DDDED /* Sources */,
				2EBB11821E8735E0007DDDED /* Frameworks */,
				2EBB11831E8735E0007DDDED /* Resources */,
			);
			buildRules = (
			);
			dependencies = (
			);
			name = CollectionViewProgram;
			productName = CollectionViewProgram;
			productReference = 2EBB11851E8735E0007DDDED /* CollectionViewProgram.app */;
			productType = "com.apple.product-type.application";
		};
		2EBB11981E8735E0007DDDED /* CollectionViewProgramTests */ = {
			isa = PBXNativeTarget;
			buildConfigurationList = 2EBB11A51E8735E0007DDDED /* Build configuration list for PBXNativeTarget "CollectionViewProgramTests" */;
			buildPhases = (
				2EBB11951E8735E0007DDDED /* Sources */,
				2EBB11961E8735E0007DDDED /* Frameworks */,
				2EBB11971E8735E0007DDDED /* Resources */,
			);
			buildRules = (
			);
			dependencies = (
				2EBB119B1E8735E0007DDDED /* PBXTargetDependency */,
			);
			name = CollectionViewProgramTests;
			productName = CollectionViewProgramTests;
			productReference = 2EBB11991E8735E0007DDDED /* CollectionViewProgramTests.xctest */;
			productType = "com.apple.product-type.bundle.unit-test";
		};
/* End PBXNativeTarget section */

/* Begin PBXProject section */
		2EBB117D1E8735E0007DDDED /* Project object */ = {
			isa = PBXProject;
			attributes = {
				LastSwiftUpdateCheck = 0820;
				LastUpgradeCheck = 0820;
				ORGANIZATIONNAME = "Rafael Colon Maldonado";
				TargetAttributes = {
					2EBB11841E8735E0007DDDED = {
						CreatedOnToolsVersion = 8.2.1;
						DevelopmentTeam = GWR2746W7V;
						ProvisioningStyle = Automatic;
					};
					2EBB11981E8735E0007DDDED = {
						CreatedOnToolsVersion = 8.2.1;
						DevelopmentTeam = GWR2746W7V;
						ProvisioningStyle = Automatic;
						TestTargetID = 2EBB11841E8735E0007DDDED;
					};
				};
			};
			buildConfigurationList = 2EBB11801E8735E0007DDDED /* Build configuration list for PBXProject "CollectionViewProgram" */;
			compatibilityVersion = "Xcode 3.2";
			developmentRegion = English;
			hasScannedForEncodings = 0;
			knownRegions = (
				en,
				Base,
			);
			mainGroup = 2EBB117C1E8735E0007DDDED;
			productRefGroup = 2EBB11861E8735E0007DDDED /* Products */;
			projectDirPath = "";
			projectRoot = "";
			targets = (
				2EBB11841E8735E0007DDDED /* CollectionViewProgram */,
				2EBB11981E8735E0007DDDED /* CollectionViewProgramTests */,
			);
		};
/* End PBXProject section */

/* Begin PBXResourcesBuildPhase section */
		2EBB11831E8735E0007DDDED /* Resources */ = {
			isa = PBXResourcesBuildPhase;
			buildActionMask = 2147483647;
			files = (
				2EBB11931E8735E0007DDDED /* LaunchScreen.storyboard in Resources */,
				2EBB11901E8735E0007DDDED /* Assets.xcassets in Resources */,
				2EBB118E1E8735E0007DDDED /* Main.storyboard in Resources */,
			);
			runOnlyForDeploymentPostprocessing = 0;
		};
		2EBB11971E8735E0007DDDED /* Resources */ = {
			isa = PBXResourcesBuildPhase;
			buildActionMask = 2147483647;
			files = (
			);
			runOnlyForDeploymentPostprocessing = 0;
		};
/* End PBXResourcesBuildPhase section */

/* Begin PBXSourcesBuildPhase section */
		2EBB11811E8735E0007DDDED /* Sources */ = {
			isa = PBXSourcesBuildPhase;
			buildActionMask = 2147483647;
			files = (
				2EBB11A91E8A14F7007DDDED /* RutinesTableViewController.swift in Sources */,
				2EBB118B1E8735E0007DDDED /* ViewController.swift in Sources */,
				2EFF61AB1ECE750000F4A2BD /* ExerciesViewController.swift in Sources */,
				2EBB11891E8735E0007DDDED /* AppDelegate.swift in Sources */,
				2EFF61AD1ECF0A1900F4A2BD /* CategoriesCollectionViewCell.swift in Sources */,
			);
			runOnlyForDeploymentPostprocessing = 0;
		};
		2EBB11951E8735E0007DDDED /* Sources */ = {
			isa = PBXSourcesBuildPhase;
			buildActionMask = 2147483647;
			files = (
				2EBB119E1E8735E0007DDDED /* CollectionViewProgramTests.swift in Sources */,
			);
			runOnlyForDeploymentPostprocessing = 0;
		};
/* End PBXSourcesBuildPhase section */

/* Begin PBXTargetDependency section */
		2EBB119B1E8735E0007DDDED /* PBXTargetDependency */ = {
			isa = PBXTargetDependency;
			target = 2EBB11841E8735E0007DDDED /* CollectionViewProgram */;
			targetProxy = 2EBB119A1E8735E0007DDDED /* PBXContainerItemProxy */;
		};
/* End PBXTargetDependency section */

/* Begin PBXVariantGroup section */
		2EBB118C1E8735E0007DDDED /* Main.storyboard */ = {
			isa = PBXVariantGroup;
			children = (
				2EBB118D1E8735E0007DDDED /* Base */,
			);
			name = Main.storyboard;
			sourceTree = "<group>";
		};
		2EBB11911E8735E0007DDDED /* LaunchScreen.storyboard */ = {
			isa = PBXVariantGroup;
			children = (
				2EBB11921E8735E0007DDDED /* Base */,
			);
			name = LaunchScreen.storyboard;
			sourceTree = "<group>";
		};
/* End PBXVariantGroup section */

/* Begin XCBuildConfiguration section */
		2EBB11A01E8735E0007DDDED /* Debug */ = {
			isa = XCBuildConfiguration;
			buildSettings = {
				ALWAYS_SEARCH_USER_PATHS = NO;
				CLANG_ANALYZER_NONNULL = YES;
				CLANG_CXX_LANGUAGE_STANDARD = "gnu++0x";
				CLANG_CXX_LIBRARY = "libc++";
				CLANG_ENABLE_MODULES = YES;
				CLANG_ENABLE_OBJC_ARC = YES;
				CLANG_WARN_BOOL_CONVERSION = YES;
				CLANG_WARN_CONSTANT_CONVERSION = YES;
				CLANG_WARN_DIRECT_OBJC_ISA_USAGE = YES_ERROR;
				CLANG_WARN_DOCUMENTATION_COMMENTS = YES;
				CLANG_WARN_EMPTY_BODY = YES;
				CLANG_WARN_ENUM_CONVERSION = YES;
				CLANG_WARN_INFINITE_RECURSION = YES;
				CLANG_WARN_INT_CONVERSION = YES;
				CLANG_WARN_OBJC_ROOT_CLASS = YES_ERROR;
				CLANG_WARN_SUSPICIOUS_MOVE = YES;
				CLANG_WARN_UNREACHABLE_CODE = YES;
				CLANG_WARN__DUPLICATE_METHOD_MATCH = YES;
				"CODE_SIGN_IDENTITY[sdk=iphoneos*]" = "iPhone Developer";
				COPY_PHASE_STRIP = NO;
				DEBUG_INFORMATION_FORMAT = dwarf;
				ENABLE_STRICT_OBJC_MSGSEND = YES;
				ENABLE_TESTABILITY = YES;
				GCC_C_LANGUAGE_STANDARD = gnu99;
				GCC_DYNAMIC_NO_PIC = NO;
				GCC_NO_COMMON_BLOCKS = YES;
				GCC_OPTIMIZATION_LEVEL = 0;
				GCC_PREPROCESSOR_DEFINITIONS = (
					"DEBUG=1",
					"$(inherited)",
				);
				GCC_WARN_64_TO_32_BIT_CONVERSION = YES;
				GCC_WARN_ABOUT_RETURN_TYPE = YES_ERROR;
				GCC_WARN_UNDECLARED_SELECTOR = YES;
				GCC_WARN_UNINITIALIZED_AUTOS = YES_AGGRESSIVE;
				GCC_WARN_UNUSED_FUNCTION = YES;
				GCC_WARN_UNUSED_VARIABLE = YES;
				IPHONEOS_DEPLOYMENT_TARGET = 10.2;
				MTL_ENABLE_DEBUG_INFO = YES;
				ONLY_ACTIVE_ARCH = YES;
				SDKROOT = iphoneos;
				SWIFT_ACTIVE_COMPILATION_CONDITIONS = DEBUG;
				SWIFT_OPTIMIZATION_LEVEL = "-Onone";
				TARGETED_DEVICE_FAMILY = "1,2";
			};
			name = Debug;
		};
		2EBB11A11E8735E0007DDDED /* Release */ = {
			isa = XCBuildConfiguration;
			buildSettings = {
				ALWAYS_SEARCH_USER_PATHS = NO;
				CLANG_ANALYZER_NONNULL = YES;
				CLANG_CXX_LANGUAGE_STANDARD = "gnu++0x";
				CLANG_CXX_LIBRARY = "libc++";
				CLANG_ENABLE_MODULES = YES;
				CLANG_ENABLE_OBJC_ARC = YES;
				CLANG_WARN_BOOL_CONVERSION = YES;
				CLANG_WARN_CONSTANT_CONVERSION = YES;
				CLANG_WARN_DIRECT_OBJC_ISA_USAGE = YES_ERROR;
				CLANG_WARN_DOCUMENTATION_COMMENTS = YES;
				CLANG_WARN_EMPTY_BODY = YES;
				CLANG_WARN_ENUM_CONVERSION = YES;
				CLANG_WARN_INFINITE_RECURSION = YES;
				CLANG_WARN_INT_CONVERSION = YES;
				CLANG_WARN_OBJC_ROOT_CLASS = YES_ERROR;
				CLANG_WARN_SUSPICIOUS_MOVE = YES;
				CLANG_WARN_UNREACHABLE_CODE = YES;
				CLANG_WARN__DUPLICATE_METHOD_MATCH = YES;
				"CODE_SIGN_IDENTITY[sdk=iphoneos*]" = "iPhone Developer";
				COPY_PHASE_STRIP = NO;
				DEBUG_INFORMATION_FORMAT = "dwarf-with-dsym";
				ENABLE_NS_ASSERTIONS = NO;
				ENABLE_STRICT_OBJC_MSGSEND = YES;
				GCC_C_LANGUAGE_STANDARD = gnu99;
				GCC_NO_COMMON_BLOCKS = YES;
				GCC_WARN_64_TO_32_BIT_CONVERSION = YES;
				GCC_WARN_ABOUT_RETURN_TYPE = YES_ERROR;
				GCC_WARN_UNDECLARED_SELECTOR = YES;
				GCC_WARN_UNINITIALIZED_AUTOS = YES_AGGRESSIVE;
				GCC_WARN_UNUSED_FUNCTION = YES;
				GCC_WARN_UNUSED_VARIABLE = YES;
				IPHONEOS_DEPLOYMENT_TARGET = 10.2;
				MTL_ENABLE_DEBUG_INFO = NO;
				SDKROOT = iphoneos;
				SWIFT_OPTIMIZATION_LEVEL = "-Owholemodule";
				TARGETED_DEVICE_FAMILY = "1,2";
				VALIDATE_PRODUCT = YES;
			};
			name = Release;
		};
		2EBB11A31E8735E0007DDDED /* Debug */ = {
			isa = XCBuildConfiguration;
			buildSettings = {
				ASSETCATALOG_COMPILER_APPICON_NAME = AppIcon;
				DEVELOPMENT_TEAM = GWR2746W7V;
				INFOPLIST_FILE = CollectionViewProgram/Info.plist;
				IPHONEOS_DEPLOYMENT_TARGET = 9.3;
				LD_RUNPATH_SEARCH_PATHS = "$(inherited) @executable_path/Frameworks";
				PRODUCT_BUNDLE_IDENTIFIER = com.BoriPower.CollectionViewProgram;
				PRODUCT_NAME = "$(TARGET_NAME)";
				SWIFT_VERSION = 3.0;
			};
			name = Debug;
		};
		2EBB11A41E8735E0007DDDED /* Release */ = {
			isa = XCBuildConfiguration;
			buildSettings = {
				ASSETCATALOG_COMPILER_APPICON_NAME = AppIcon;
				DEVELOPMENT_TEAM = GWR2746W7V;
				INFOPLIST_FILE = CollectionViewProgram/Info.plist;
				IPHONEOS_DEPLOYMENT_TARGET = 9.3;
				LD_RUNPATH_SEARCH_PATHS = "$(inherited) @executable_path/Frameworks";
				PRODUCT_BUNDLE_IDENTIFIER = com.BoriPower.CollectionViewProgram;
				PRODUCT_NAME = "$(TARGET_NAME)";
				SWIFT_VERSION = 3.0;
			};
			name = Release;
		};
		2EBB11A61E8735E0007DDDED /* Debug */ = {
			isa = XCBuildConfiguration;
			buildSettings = {
				ALWAYS_EMBED_SWIFT_STANDARD_LIBRARIES = YES;
				BUNDLE_LOADER = "$(TEST_HOST)";
				DEVELOPMENT_TEAM = GWR2746W7V;
				INFOPLIST_FILE = CollectionViewProgramTests/Info.plist;
				LD_RUNPATH_SEARCH_PATHS = "$(inherited) @executable_path/Frameworks @loader_path/Frameworks";
				PRODUCT_BUNDLE_IDENTIFIER = com.BoriPower.CollectionViewProgramTests;
				PRODUCT_NAME = "$(TARGET_NAME)";
				SWIFT_VERSION = 3.0;
				TEST_HOST = "$(BUILT_PRODUCTS_DIR)/CollectionViewProgram.app/CollectionViewProgram";
			};
			name = Debug;
		};
		2EBB11A71E8735E0007DDDED /* Release */ = {
			isa = XCBuildConfiguration;
			buildSettings = {
				ALWAYS_EMBED_SWIFT_STANDARD_LIBRARIES = YES;
				BUNDLE_LOADER = "$(TEST_HOST)";
				DEVELOPMENT_TEAM = GWR2746W7V;
				INFOPLIST_FILE = CollectionViewProgramTests/Info.plist;
				LD_RUNPATH_SEARCH_PATHS = "$(inherited) @executable_path/Frameworks @loader_path/Frameworks";
				PRODUCT_BUNDLE_IDENTIFIER = com.BoriPower.CollectionViewProgramTests;
				PRODUCT_NAME = "$(TARGET_NAME)";
				SWIFT_VERSION = 3.0;
				TEST_HOST = "$(BUILT_PRODUCTS_DIR)/CollectionViewProgram.app/CollectionViewProgram";
			};
			name = Release;
		};
/* End XCBuildConfiguration section */

/* Begin XCConfigurationList section */
		2EBB11801E8735E0007DDDED /* Build configuration list for PBXProject "CollectionViewProgram" */ = {
			isa = XCConfigurationList;
			buildConfigurations = (
				2EBB11A01E8735E0007DDDED /* Debug */,
				2EBB11A11E8735E0007DDDED /* Release */,
			);
			defaultConfigurationIsVisible = 0;
			defaultConfigurationName = Release;
		};
		2EBB11A21E8735E0007DDDED /* Build configuration list for PBXNativeTarget "CollectionViewProgram" */ = {
			isa = XCConfigurationList;
			buildConfigurations = (
				2EBB11A31E8735E0007DDDED /* Debug */,
				2EBB11A41E8735E0007DDDED /* Release */,
			);
			defaultConfigurationIsVisible = 0;
			defaultConfigurationName = Release;
		};
		2EBB11A51E8735E0007DDDED /* Build configuration list for PBXNativeTarget "CollectionViewProgramTests" */ = {
			isa = XCConfigurationList;
			buildConfigurations = (
				2EBB11A61E8735E0007DDDED /* Debug */,
				2EBB11A71E8735E0007DDDED /* Release */,
			);
			defaultConfigurationIsVisible = 0;
			defaultConfigurationName = Release;
		};
/* End XCConfigurationList section */
	};
	rootObject = 2EBB117D1E8735E0007DDDED /* Project object */;
}
